<?xml version="1.0" encoding="UTF-8" standalone="yes" ?>
<CodeBlocks_project_file>
	<FileVersion major="1" minor="6" />
	<Project>
		<Option title="OpenEagleMapsInitialize" />
		<Option pch_mode="2" />
		<Option compiler="gcc" />
		<Build>
			<Target title="Debug">
				<Option output="bin/Debug/OpenEagleMapsInitialize" prefix_auto="1" extension_auto="1" />
				<Option object_output="obj/Debug/" />
				<Option type="1" />
				<Option compiler="gcc" />
				<Compiler>
					<Add option="-g" />
				</Compiler>
			</Target>
			<Target title="Release">
				<Option output="bin/Release/OpenEagleMapsInitialize" prefix_auto="1" extension_auto="1" />
				<Option object_output="obj/Release/" />
				<Option type="1" />
				<Option compiler="gcc" />
				<Compiler>
					<Add option="-O2" />
				</Compiler>
				<Linker>
					<Add option="-s" />
				</Linker>
			</Target>
		</Build>
		<Compiler>
			<Add option="-Wall" />
			<Add option="-fexceptions" />
		</Compiler>
		<Unit filename="../OpenEaglePaths/OpenEaglePaths.cxx" />
		<Unit filename="../OpenEaglePaths/OpenEaglePaths.hxx" />
		<Unit filename="../avl_tree/avl_tree.cxx" />
		<Unit filename="../avl_tree/avl_tree.hxx" />
		<Unit filename="../maps/maps.cxx" />
		<Unit filename="../maps/maps.hxx" />
		<Unit filename="../read_data/read_data.cxx" />
		<Unit filename="../read_data/read_data.hxx" />
		<Unit filename="../system_io/system_io.cxx" />
		<Unit filename="../system_io/system_io.hxx" />
		<Unit filename="main.cpp" />
		<Extensions />
	</Project>
</CodeBlocks_project_file>
